// !$*UTF8*$!
{
	archiveVersion = 1;
	classes = {
	};
	objectVersion = 56;
	objects = {

/* Begin PBXBuildFile section */
		851DCDE52A8911EB00F680F1 /* HabitBasicView.swift in Sources */ = {isa = PBXBuildFile; fileRef = 851DCDE42A8911EB00F680F1 /* HabitBasicView.swift */; };
		851DCDE72A89123400F680F1 /* DatabaseManagement.swift in Sources */ = {isa = PBXBuildFile; fileRef = 851DCDE62A89123400F680F1 /* DatabaseManagement.swift */; };
		855B8DFE2A8A5D9B00325A71 /* HabitCreateView.swift in Sources */ = {isa = PBXBuildFile; fileRef = 855B8DFD2A8A5D9B00325A71 /* HabitCreateView.swift */; };
		85ACEB332A8A862400046AEE /* MCEmojiPicker in Frameworks */ = {isa = PBXBuildFile; productRef = 85ACEB322A8A862400046AEE /* MCEmojiPicker */; };
		85B797EA2B14008C00449BDE /* HabitExplainView.swift in Sources */ = {isa = PBXBuildFile; fileRef = 85B797E92B14008C00449BDE /* HabitExplainView.swift */; };
		85D8F7CE2A868855007EDFE1 /* Habit_TrackerApp.swift in Sources */ = {isa = PBXBuildFile; fileRef = 85D8F7CD2A868855007EDFE1 /* Habit_TrackerApp.swift */; };
		85D8F7D02A868855007EDFE1 /* HomeView.swift in Sources */ = {isa = PBXBuildFile; fileRef = 85D8F7CF2A868855007EDFE1 /* HomeView.swift */; };
		85D8F7D22A868857007EDFE1 /* Assets.xcassets in Resources */ = {isa = PBXBuildFile; fileRef = 85D8F7D12A868857007EDFE1 /* Assets.xcassets */; };
		85D8F7D52A868857007EDFE1 /* Preview Assets.xcassets in Resources */ = {isa = PBXBuildFile; fileRef = 85D8F7D42A868857007EDFE1 /* Preview Assets.xcassets */; };
		85D8F7DF2A868857007EDFE1 /* Habit_TrackerTests.swift in Sources */ = {isa = PBXBuildFile; fileRef = 85D8F7DE2A868857007EDFE1 /* Habit_TrackerTests.swift */; };
		85D8F7E92A868857007EDFE1 /* Habit_TrackerUITests.swift in Sources */ = {isa = PBXBuildFile; fileRef = 85D8F7E82A868857007EDFE1 /* Habit_TrackerUITests.swift */; };
		85D8F7EB2A868857007EDFE1 /* Habit_TrackerUITestsLaunchTests.swift in Sources */ = {isa = PBXBuildFile; fileRef = 85D8F7EA2A868857007EDFE1 /* Habit_TrackerUITestsLaunchTests.swift */; };
		85F2867E2A8BFA5800E93758 /* InterfaceFunctions.swift in Sources */ = {isa = PBXBuildFile; fileRef = 85F2867D2A8BFA5800E93758 /* InterfaceFunctions.swift */; };
		85F286822A8D06A200E93758 /* NiceNotifications in Frameworks */ = {isa = PBXBuildFile; productRef = 85F286812A8D06A200E93758 /* NiceNotifications */; };
		85F286852A8D072400E93758 /* DateBuilder in Frameworks */ = {isa = PBXBuildFile; productRef = 85F286842A8D072400E93758 /* DateBuilder */; };
		85F286872A8D1C1400E93758 /* NotificationManagement.swift in Sources */ = {isa = PBXBuildFile; fileRef = 85F286862A8D1C1400E93758 /* NotificationManagement.swift */; };
		BF0342972B5DA05400CD03FF /* SwiftUICharts in Frameworks */ = {isa = PBXBuildFile; productRef = BF0342962B5DA05400CD03FF /* SwiftUICharts */; };
		BF03429A2B5DA32600CD03FF /* LightChart in Frameworks */ = {isa = PBXBuildFile; productRef = BF0342992B5DA32600CD03FF /* LightChart */; };
		BF03429D2B5DA48C00CD03FF /* FLCharts in Frameworks */ = {isa = PBXBuildFile; productRef = BF03429C2B5DA48C00CD03FF /* FLCharts */; };
		BF1D479C2B51971D001254B8 /* ScheduledNotificationsViewController in Frameworks */ = {isa = PBXBuildFile; productRef = BF1D479B2B51971D001254B8 /* ScheduledNotificationsViewController */; };
		BF49E7CE2B3E0AB8003FFB1C /* OpenAIKit in Frameworks */ = {isa = PBXBuildFile; productRef = BF49E7CD2B3E0AB8003FFB1C /* OpenAIKit */; };
		BF49E7D02B3E0BE9003FFB1C /* OpenAIInterface.swift in Sources */ = {isa = PBXBuildFile; fileRef = BF49E7CF2B3E0BE9003FFB1C /* OpenAIInterface.swift */; };
/* End PBXBuildFile section */

/* Begin PBXContainerItemProxy section */
		85D8F7DB2A868857007EDFE1 /* PBXContainerItemProxy */ = {
			isa = PBXContainerItemProxy;
			containerPortal = 85D8F7C22A868855007EDFE1 /* Project object */;
			proxyType = 1;
			remoteGlobalIDString = 85D8F7C92A868855007EDFE1;
			remoteInfo = "Habit Tracker";
		};
		85D8F7E52A868857007EDFE1 /* PBXContainerItemProxy */ = {
			isa = PBXContainerItemProxy;
			containerPortal = 85D8F7C22A868855007EDFE1 /* Project object */;
			proxyType = 1;
			remoteGlobalIDString = 85D8F7C92A868855007EDFE1;
			remoteInfo = "Habit Tracker";
		};
/* End PBXContainerItemProxy section */

/* Begin PBXFileReference section */
		851DCDE42A8911EB00F680F1 /* HabitBasicView.swift */ = {isa = PBXFileReference; lastKnownFileType = sourcecode.swift; path = HabitBasicView.swift; sourceTree = "<group>"; };
		851DCDE62A89123400F680F1 /* DatabaseManagement.swift */ = {isa = PBXFileReference; lastKnownFileType = sourcecode.swift; path = DatabaseManagement.swift; sourceTree = "<group>"; };
		855B8DFD2A8A5D9B00325A71 /* HabitCreateView.swift */ = {isa = PBXFileReference; lastKnownFileType = sourcecode.swift; path = HabitCreateView.swift; sourceTree = "<group>"; };
		85B797E92B14008C00449BDE /* HabitExplainView.swift */ = {isa = PBXFileReference; lastKnownFileType = sourcecode.swift; path = HabitExplainView.swift; sourceTree = "<group>"; };
		85D8F7CA2A868855007EDFE1 /* Habit Tracker.app */ = {isa = PBXFileReference; explicitFileType = wrapper.application; includeInIndex = 0; path = "Habit Tracker.app"; sourceTree = BUILT_PRODUCTS_DIR; };
		85D8F7CD2A868855007EDFE1 /* Habit_TrackerApp.swift */ = {isa = PBXFileReference; lastKnownFileType = sourcecode.swift; path = Habit_TrackerApp.swift; sourceTree = "<group>"; };
		85D8F7CF2A868855007EDFE1 /* HomeView.swift */ = {isa = PBXFileReference; lastKnownFileType = sourcecode.swift; path = HomeView.swift; sourceTree = "<group>"; };
		85D8F7D12A868857007EDFE1 /* Assets.xcassets */ = {isa = PBXFileReference; lastKnownFileType = folder.assetcatalog; path = Assets.xcassets; sourceTree = "<group>"; };
		85D8F7D42A868857007EDFE1 /* Preview Assets.xcassets */ = {isa = PBXFileReference; lastKnownFileType = folder.assetcatalog; path = "Preview Assets.xcassets"; sourceTree = "<group>"; };
		85D8F7DA2A868857007EDFE1 /* Habit TrackerTests.xctest */ = {isa = PBXFileReference; explicitFileType = wrapper.cfbundle; includeInIndex = 0; path = "Habit TrackerTests.xctest"; sourceTree = BUILT_PRODUCTS_DIR; };
		85D8F7DE2A868857007EDFE1 /* Habit_TrackerTests.swift */ = {isa = PBXFileReference; lastKnownFileType = sourcecode.swift; path = Habit_TrackerTests.swift; sourceTree = "<group>"; };
		85D8F7E42A868857007EDFE1 /* Habit TrackerUITests.xctest */ = {isa = PBXFileReference; explicitFileType = wrapper.cfbundle; includeInIndex = 0; path = "Habit TrackerUITests.xctest"; sourceTree = BUILT_PRODUCTS_DIR; };
		85D8F7E82A868857007EDFE1 /* Habit_TrackerUITests.swift */ = {isa = PBXFileReference; lastKnownFileType = sourcecode.swift; path = Habit_TrackerUITests.swift; sourceTree = "<group>"; };
		85D8F7EA2A868857007EDFE1 /* Habit_TrackerUITestsLaunchTests.swift */ = {isa = PBXFileReference; lastKnownFileType = sourcecode.swift; path = Habit_TrackerUITestsLaunchTests.swift; sourceTree = "<group>"; };
		85F2867D2A8BFA5800E93758 /* InterfaceFunctions.swift */ = {isa = PBXFileReference; lastKnownFileType = sourcecode.swift; path = InterfaceFunctions.swift; sourceTree = "<group>"; };
		85F2867F2A8D066E00E93758 /* Habit-Tracker-Info.plist */ = {isa = PBXFileReference; lastKnownFileType = text.plist; path = "Habit-Tracker-Info.plist"; sourceTree = SOURCE_ROOT; };
		85F286862A8D1C1400E93758 /* NotificationManagement.swift */ = {isa = PBXFileReference; lastKnownFileType = sourcecode.swift; path = NotificationManagement.swift; sourceTree = "<group>"; };
		BF49E7CF2B3E0BE9003FFB1C /* OpenAIInterface.swift */ = {isa = PBXFileReference; lastKnownFileType = sourcecode.swift; path = OpenAIInterface.swift; sourceTree = "<group>"; };
/* End PBXFileReference section */

/* Begin PBXFrameworksBuildPhase section */
		85D8F7C72A868855007EDFE1 /* Frameworks */ = {
			isa = PBXFrameworksBuildPhase;
			buildActionMask = 2147483647;
			files = (
				85F286822A8D06A200E93758 /* NiceNotifications in Frameworks */,
				BF49E7CE2B3E0AB8003FFB1C /* OpenAIKit in Frameworks */,
				BF1D479C2B51971D001254B8 /* ScheduledNotificationsViewController in Frameworks */,
				BF0342972B5DA05400CD03FF /* SwiftUICharts in Frameworks */,
				85ACEB332A8A862400046AEE /* MCEmojiPicker in Frameworks */,
				BF03429A2B5DA32600CD03FF /* LightChart in Frameworks */,
				85F286852A8D072400E93758 /* DateBuilder in Frameworks */,
				BF03429D2B5DA48C00CD03FF /* FLCharts in Frameworks */,
			);
			runOnlyForDeploymentPostprocessing = 0;
		};
		85D8F7D72A868857007EDFE1 /* Frameworks */ = {
			isa = PBXFrameworksBuildPhase;
			buildActionMask = 2147483647;
			files = (
			);
			runOnlyForDeploymentPostprocessing = 0;
		};
		85D8F7E12A868857007EDFE1 /* Frameworks */ = {
			isa = PBXFrameworksBuildPhase;
			buildActionMask = 2147483647;
			files = (
			);
			runOnlyForDeploymentPostprocessing = 0;
		};
/* End PBXFrameworksBuildPhase section */

/* Begin PBXGroup section */
		85D8F7C12A868855007EDFE1 = {
			isa = PBXGroup;
			children = (
				85D8F7CC2A868855007EDFE1 /* Habit Tracker */,
				85D8F7DD2A868857007EDFE1 /* Habit TrackerTests */,
				85D8F7E72A868857007EDFE1 /* Habit TrackerUITests */,
				85D8F7CB2A868855007EDFE1 /* Products */,
			);
			sourceTree = "<group>";
		};
		85D8F7CB2A868855007EDFE1 /* Products */ = {
			isa = PBXGroup;
			children = (
				85D8F7CA2A868855007EDFE1 /* Habit Tracker.app */,
				85D8F7DA2A868857007EDFE1 /* Habit TrackerTests.xctest */,
				85D8F7E42A868857007EDFE1 /* Habit TrackerUITests.xctest */,
			);
			name = Products;
			sourceTree = "<group>";
		};
		85D8F7CC2A868855007EDFE1 /* Habit Tracker */ = {
			isa = PBXGroup;
			children = (
				85F2867F2A8D066E00E93758 /* Habit-Tracker-Info.plist */,
				85D8F7CD2A868855007EDFE1 /* Habit_TrackerApp.swift */,
				85D8F7CF2A868855007EDFE1 /* HomeView.swift */,
				851DCDE42A8911EB00F680F1 /* HabitBasicView.swift */,
				855B8DFD2A8A5D9B00325A71 /* HabitCreateView.swift */,
				85B797E92B14008C00449BDE /* HabitExplainView.swift */,
				85F2867D2A8BFA5800E93758 /* InterfaceFunctions.swift */,
				85F286862A8D1C1400E93758 /* NotificationManagement.swift */,
				851DCDE62A89123400F680F1 /* DatabaseManagement.swift */,
				BF49E7CF2B3E0BE9003FFB1C /* OpenAIInterface.swift */,
				85D8F7D12A868857007EDFE1 /* Assets.xcassets */,
				85D8F7D32A868857007EDFE1 /* Preview Content */,
			);
			path = "Habit Tracker";
			sourceTree = "<group>";
		};
		85D8F7D32A868857007EDFE1 /* Preview Content */ = {
			isa = PBXGroup;
			children = (
				85D8F7D42A868857007EDFE1 /* Preview Assets.xcassets */,
			);
			path = "Preview Content";
			sourceTree = "<group>";
		};
		85D8F7DD2A868857007EDFE1 /* Habit TrackerTests */ = {
			isa = PBXGroup;
			children = (
				85D8F7DE2A868857007EDFE1 /* Habit_TrackerTests.swift */,
			);
			path = "Habit TrackerTests";
			sourceTree = "<group>";
		};
		85D8F7E72A868857007EDFE1 /* Habit TrackerUITests */ = {
			isa = PBXGroup;
			children = (
				85D8F7E82A868857007EDFE1 /* Habit_TrackerUITests.swift */,
				85D8F7EA2A868857007EDFE1 /* Habit_TrackerUITestsLaunchTests.swift */,
			);
			path = "Habit TrackerUITests";
			sourceTree = "<group>";
		};
/* End PBXGroup section */

/* Begin PBXNativeTarget section */
		85D8F7C92A868855007EDFE1 /* Habit Tracker */ = {
			isa = PBXNativeTarget;
			buildConfigurationList = 85D8F7EE2A868857007EDFE1 /* Build configuration list for PBXNativeTarget "Habit Tracker" */;
			buildPhases = (
				85D8F7C62A868855007EDFE1 /* Sources */,
				85D8F7C72A868855007EDFE1 /* Frameworks */,
				85D8F7C82A868855007EDFE1 /* Resources */,
			);
			buildRules = (
			);
			dependencies = (
			);
			name = "Habit Tracker";
			packageProductDependencies = (
				85ACEB322A8A862400046AEE /* MCEmojiPicker */,
				85F286812A8D06A200E93758 /* NiceNotifications */,
				85F286842A8D072400E93758 /* DateBuilder */,
				BF49E7CD2B3E0AB8003FFB1C /* OpenAIKit */,
				BF1D479B2B51971D001254B8 /* ScheduledNotificationsViewController */,
				BF0342962B5DA05400CD03FF /* SwiftUICharts */,
				BF0342992B5DA32600CD03FF /* LightChart */,
				BF03429C2B5DA48C00CD03FF /* FLCharts */,
			);
			productName = "Habit Tracker";
			productReference = 85D8F7CA2A868855007EDFE1 /* Habit Tracker.app */;
			productType = "com.apple.product-type.application";
		};
		85D8F7D92A868857007EDFE1 /* Habit TrackerTests */ = {
			isa = PBXNativeTarget;
			buildConfigurationList = 85D8F7F12A868857007EDFE1 /* Build configuration list for PBXNativeTarget "Habit TrackerTests" */;
			buildPhases = (
				85D8F7D62A868857007EDFE1 /* Sources */,
				85D8F7D72A868857007EDFE1 /* Frameworks */,
				85D8F7D82A868857007EDFE1 /* Resources */,
			);
			buildRules = (
			);
			dependencies = (
				85D8F7DC2A868857007EDFE1 /* PBXTargetDependency */,
			);
			name = "Habit TrackerTests";
			productName = "Habit TrackerTests";
			productReference = 85D8F7DA2A868857007EDFE1 /* Habit TrackerTests.xctest */;
			productType = "com.apple.product-type.bundle.unit-test";
		};
		85D8F7E32A868857007EDFE1 /* Habit TrackerUITests */ = {
			isa = PBXNativeTarget;
			buildConfigurationList = 85D8F7F42A868857007EDFE1 /* Build configuration list for PBXNativeTarget "Habit TrackerUITests" */;
			buildPhases = (
				85D8F7E02A868857007EDFE1 /* Sources */,
				85D8F7E12A868857007EDFE1 /* Frameworks */,
				85D8F7E22A868857007EDFE1 /* Resources */,
			);
			buildRules = (
			);
			dependencies = (
				85D8F7E62A868857007EDFE1 /* PBXTargetDependency */,
			);
			name = "Habit TrackerUITests";
			productName = "Habit TrackerUITests";
			productReference = 85D8F7E42A868857007EDFE1 /* Habit TrackerUITests.xctest */;
			productType = "com.apple.product-type.bundle.ui-testing";
		};
/* End PBXNativeTarget section */

/* Begin PBXProject section */
		85D8F7C22A868855007EDFE1 /* Project object */ = {
			isa = PBXProject;
			attributes = {
				BuildIndependentTargetsInParallel = 1;
				LastSwiftUpdateCheck = 1430;
				LastUpgradeCheck = 1430;
				TargetAttributes = {
					85D8F7C92A868855007EDFE1 = {
						CreatedOnToolsVersion = 14.3.1;
					};
					85D8F7D92A868857007EDFE1 = {
						CreatedOnToolsVersion = 14.3.1;
						TestTargetID = 85D8F7C92A868855007EDFE1;
					};
					85D8F7E32A868857007EDFE1 = {
						CreatedOnToolsVersion = 14.3.1;
						TestTargetID = 85D8F7C92A868855007EDFE1;
					};
				};
			};
			buildConfigurationList = 85D8F7C52A868855007EDFE1 /* Build configuration list for PBXProject "Habit Tracker" */;
			compatibilityVersion = "Xcode 14.0";
			developmentRegion = en;
			hasScannedForEncodings = 0;
			knownRegions = (
				en,
				Base,
			);
			mainGroup = 85D8F7C12A868855007EDFE1;
			packageReferences = (
				85ACEB312A8A862400046AEE /* XCRemoteSwiftPackageReference "MCEmojiPicker" */,
				85F286802A8D06A200E93758 /* XCRemoteSwiftPackageReference "NiceNotifications" */,
				85F286832A8D072400E93758 /* XCRemoteSwiftPackageReference "DateBuilder" */,
				BF49E7CC2B3E0AB8003FFB1C /* XCRemoteSwiftPackageReference "openai-kit" */,
				BF1D479A2B51971D001254B8 /* XCRemoteSwiftPackageReference "ScheduledNotificationsViewController" */,
				BF0342952B5DA05400CD03FF /* XCRemoteSwiftPackageReference "chartview" */,
				BF0342982B5DA32600CD03FF /* XCRemoteSwiftPackageReference "LightChart" */,
				BF03429B2B5DA48B00CD03FF /* XCRemoteSwiftPackageReference "FLCharts" */,
			);
			productRefGroup = 85D8F7CB2A868855007EDFE1 /* Products */;
			projectDirPath = "";
			projectRoot = "";
			targets = (
				85D8F7C92A868855007EDFE1 /* Habit Tracker */,
				85D8F7D92A868857007EDFE1 /* Habit TrackerTests */,
				85D8F7E32A868857007EDFE1 /* Habit TrackerUITests */,
			);
		};
/* End PBXProject section */

/* Begin PBXResourcesBuildPhase section */
		85D8F7C82A868855007EDFE1 /* Resources */ = {
			isa = PBXResourcesBuildPhase;
			buildActionMask = 2147483647;
			files = (
				85D8F7D52A868857007EDFE1 /* Preview Assets.xcassets in Resources */,
				85D8F7D22A868857007EDFE1 /* Assets.xcassets in Resources */,
			);
			runOnlyForDeploymentPostprocessing = 0;
		};
		85D8F7D82A868857007EDFE1 /* Resources */ = {
			isa = PBXResourcesBuildPhase;
			buildActionMask = 2147483647;
			files = (
			);
			runOnlyForDeploymentPostprocessing = 0;
		};
		85D8F7E22A868857007EDFE1 /* Resources */ = {
			isa = PBXResourcesBuildPhase;
			buildActionMask = 2147483647;
			files = (
			);
			runOnlyForDeploymentPostprocessing = 0;
		};
/* End PBXResourcesBuildPhase section */

/* Begin PBXSourcesBuildPhase section */
		85D8F7C62A868855007EDFE1 /* Sources */ = {
			isa = PBXSourcesBuildPhase;
			buildActionMask = 2147483647;
			files = (
				851DCDE72A89123400F680F1 /* DatabaseManagement.swift in Sources */,
				855B8DFE2A8A5D9B00325A71 /* HabitCreateView.swift in Sources */,
				85F2867E2A8BFA5800E93758 /* InterfaceFunctions.swift in Sources */,
				85F286872A8D1C1400E93758 /* NotificationManagement.swift in Sources */,
				85D8F7D02A868855007EDFE1 /* HomeView.swift in Sources */,
				85B797EA2B14008C00449BDE /* HabitExplainView.swift in Sources */,
				85D8F7CE2A868855007EDFE1 /* Habit_TrackerApp.swift in Sources */,
				851DCDE52A8911EB00F680F1 /* HabitBasicView.swift in Sources */,
				BF49E7D02B3E0BE9003FFB1C /* OpenAIInterface.swift in Sources */,
			);
			runOnlyForDeploymentPostprocessing = 0;
		};
		85D8F7D62A868857007EDFE1 /* Sources */ = {
			isa = PBXSourcesBuildPhase;
			buildActionMask = 2147483647;
			files = (
				85D8F7DF2A868857007EDFE1 /* Habit_TrackerTests.swift in Sources */,
			);
			runOnlyForDeploymentPostprocessing = 0;
		};
		85D8F7E02A868857007EDFE1 /* Sources */ = {
			isa = PBXSourcesBuildPhase;
			buildActionMask = 2147483647;
			files = (
				85D8F7EB2A868857007EDFE1 /* Habit_TrackerUITestsLaunchTests.swift in Sources */,
				85D8F7E92A868857007EDFE1 /* Habit_TrackerUITests.swift in Sources */,
			);
			runOnlyForDeploymentPostprocessing = 0;
		};
/* End PBXSourcesBuildPhase section */

/* Begin PBXTargetDependency section */
		85D8F7DC2A868857007EDFE1 /* PBXTargetDependency */ = {
			isa = PBXTargetDependency;
			target = 85D8F7C92A868855007EDFE1 /* Habit Tracker */;
			targetProxy = 85D8F7DB2A868857007EDFE1 /* PBXContainerItemProxy */;
		};
		85D8F7E62A868857007EDFE1 /* PBXTargetDependency */ = {
			isa = PBXTargetDependency;
			target = 85D8F7C92A868855007EDFE1 /* Habit Tracker */;
			targetProxy = 85D8F7E52A868857007EDFE1 /* PBXContainerItemProxy */;
		};
/* End PBXTargetDependency section */

/* Begin XCBuildConfiguration section */
		85D8F7EC2A868857007EDFE1 /* Debug */ = {
			isa = XCBuildConfiguration;
			buildSettings = {
				ALWAYS_SEARCH_USER_PATHS = NO;
				CLANG_ANALYZER_NONNULL = YES;
				CLANG_ANALYZER_NUMBER_OBJECT_CONVERSION = YES_AGGRESSIVE;
				CLANG_CXX_LANGUAGE_STANDARD = "gnu++20";
				CLANG_ENABLE_MODULES = YES;
				CLANG_ENABLE_OBJC_ARC = YES;
				CLANG_ENABLE_OBJC_WEAK = YES;
				CLANG_WARN_BLOCK_CAPTURE_AUTORELEASING = YES;
				CLANG_WARN_BOOL_CONVERSION = YES;
				CLANG_WARN_COMMA = YES;
				CLANG_WARN_CONSTANT_CONVERSION = YES;
				CLANG_WARN_DEPRECATED_OBJC_IMPLEMENTATIONS = YES;
				CLANG_WARN_DIRECT_OBJC_ISA_USAGE = YES_ERROR;
				CLANG_WARN_DOCUMENTATION_COMMENTS = YES;
				CLANG_WARN_EMPTY_BODY = YES;
				CLANG_WARN_ENUM_CONVERSION = YES;
				CLANG_WARN_INFINITE_RECURSION = YES;
				CLANG_WARN_INT_CONVERSION = YES;
				CLANG_WARN_NON_LITERAL_NULL_CONVERSION = YES;
				CLANG_WARN_OBJC_IMPLICIT_RETAIN_SELF = YES;
				CLANG_WARN_OBJC_LITERAL_CONVERSION = YES;
				CLANG_WARN_OBJC_ROOT_CLASS = YES_ERROR;
				CLANG_WARN_QUOTED_INCLUDE_IN_FRAMEWORK_HEADER = YES;
				CLANG_WARN_RANGE_LOOP_ANALYSIS = YES;
				CLANG_WARN_STRICT_PROTOTYPES = YES;
				CLANG_WARN_SUSPICIOUS_MOVE = YES;
				CLANG_WARN_UNGUARDED_AVAILABILITY = YES_AGGRESSIVE;
				CLANG_WARN_UNREACHABLE_CODE = YES;
				CLANG_WARN__DUPLICATE_METHOD_MATCH = YES;
				COPY_PHASE_STRIP = NO;
				DEBUG_INFORMATION_FORMAT = dwarf;
				ENABLE_STRICT_OBJC_MSGSEND = YES;
				ENABLE_TESTABILITY = YES;
				GCC_C_LANGUAGE_STANDARD = gnu11;
				GCC_DYNAMIC_NO_PIC = NO;
				GCC_NO_COMMON_BLOCKS = YES;
				GCC_OPTIMIZATION_LEVEL = 0;
				GCC_PREPROCESSOR_DEFINITIONS = (
					"DEBUG=1",
					"$(inherited)",
				);
				GCC_WARN_64_TO_32_BIT_CONVERSION = YES;
				GCC_WARN_ABOUT_RETURN_TYPE = YES_ERROR;
				GCC_WARN_UNDECLARED_SELECTOR = YES;
				GCC_WARN_UNINITIALIZED_AUTOS = YES_AGGRESSIVE;
				GCC_WARN_UNUSED_FUNCTION = YES;
				GCC_WARN_UNUSED_VARIABLE = YES;
				IPHONEOS_DEPLOYMENT_TARGET = 17.0;
				MTL_ENABLE_DEBUG_INFO = INCLUDE_SOURCE;
				MTL_FAST_MATH = YES;
				ONLY_ACTIVE_ARCH = YES;
				SDKROOT = iphoneos;
				SWIFT_ACTIVE_COMPILATION_CONDITIONS = DEBUG;
				SWIFT_OPTIMIZATION_LEVEL = "-Onone";
			};
			name = Debug;
		};
		85D8F7ED2A868857007EDFE1 /* Release */ = {
			isa = XCBuildConfiguration;
			buildSettings = {
				ALWAYS_SEARCH_USER_PATHS = NO;
				CLANG_ANALYZER_NONNULL = YES;
				CLANG_ANALYZER_NUMBER_OBJECT_CONVERSION = YES_AGGRESSIVE;
				CLANG_CXX_LANGUAGE_STANDARD = "gnu++20";
				CLANG_ENABLE_MODULES = YES;
				CLANG_ENABLE_OBJC_ARC = YES;
				CLANG_ENABLE_OBJC_WEAK = YES;
				CLANG_WARN_BLOCK_CAPTURE_AUTORELEASING = YES;
				CLANG_WARN_BOOL_CONVERSION = YES;
				CLANG_WARN_COMMA = YES;
				CLANG_WARN_CONSTANT_CONVERSION = YES;
				CLANG_WARN_DEPRECATED_OBJC_IMPLEMENTATIONS = YES;
				CLANG_WARN_DIRECT_OBJC_ISA_USAGE = YES_ERROR;
				CLANG_WARN_DOCUMENTATION_COMMENTS = YES;
				CLANG_WARN_EMPTY_BODY = YES;
				CLANG_WARN_ENUM_CONVERSION = YES;
				CLANG_WARN_INFINITE_RECURSION = YES;
				CLANG_WARN_INT_CONVERSION = YES;
				CLANG_WARN_NON_LITERAL_NULL_CONVERSION = YES;
				CLANG_WARN_OBJC_IMPLICIT_RETAIN_SELF = YES;
				CLANG_WARN_OBJC_LITERAL_CONVERSION = YES;
				CLANG_WARN_OBJC_ROOT_CLASS = YES_ERROR;
				CLANG_WARN_QUOTED_INCLUDE_IN_FRAMEWORK_HEADER = YES;
				CLANG_WARN_RANGE_LOOP_ANALYSIS = YES;
				CLANG_WARN_STRICT_PROTOTYPES = YES;
				CLANG_WARN_SUSPICIOUS_MOVE = YES;
				CLANG_WARN_UNGUARDED_AVAILABILITY = YES_AGGRESSIVE;
				CLANG_WARN_UNREACHABLE_CODE = YES;
				CLANG_WARN__DUPLICATE_METHOD_MATCH = YES;
				COPY_PHASE_STRIP = NO;
				DEBUG_INFORMATION_FORMAT = "dwarf-with-dsym";
				ENABLE_NS_ASSERTIONS = NO;
				ENABLE_STRICT_OBJC_MSGSEND = YES;
				GCC_C_LANGUAGE_STANDARD = gnu11;
				GCC_NO_COMMON_BLOCKS = YES;
				GCC_WARN_64_TO_32_BIT_CONVERSION = YES;
				GCC_WARN_ABOUT_RETURN_TYPE = YES_ERROR;
				GCC_WARN_UNDECLARED_SELECTOR = YES;
				GCC_WARN_UNINITIALIZED_AUTOS = YES_AGGRESSIVE;
				GCC_WARN_UNUSED_FUNCTION = YES;
				GCC_WARN_UNUSED_VARIABLE = YES;
				IPHONEOS_DEPLOYMENT_TARGET = 17.0;
				MTL_ENABLE_DEBUG_INFO = NO;
				MTL_FAST_MATH = YES;
				SDKROOT = iphoneos;
				SWIFT_COMPILATION_MODE = wholemodule;
				SWIFT_OPTIMIZATION_LEVEL = "-O";
				VALIDATE_PRODUCT = YES;
			};
			name = Release;
		};
		85D8F7EF2A868857007EDFE1 /* Debug */ = {
			isa = XCBuildConfiguration;
			buildSettings = {
				ASSETCATALOG_COMPILER_APPICON_NAME = AppIcon;
				ASSETCATALOG_COMPILER_GLOBAL_ACCENT_COLOR_NAME = AccentColor;
				CODE_SIGN_STYLE = Automatic;
				CURRENT_PROJECT_VERSION = 1;
				DEVELOPMENT_ASSET_PATHS = "\"Habit Tracker/Preview Content\"";
				DEVELOPMENT_TEAM = 7RJ76H824H;
				ENABLE_PREVIEWS = YES;
				GENERATE_INFOPLIST_FILE = YES;
				INFOPLIST_FILE = "Habit-Tracker-Info.plist";
				INFOPLIST_KEY_CFBundleDisplayName = Habitrack;
				INFOPLIST_KEY_LSApplicationCategoryType = "public.app-category.productivity";
				INFOPLIST_KEY_UIApplicationSceneManifest_Generation = YES;
				INFOPLIST_KEY_UIApplicationSupportsIndirectInputEvents = YES;
				INFOPLIST_KEY_UILaunchScreen_Generation = YES;
				INFOPLIST_KEY_UISupportedInterfaceOrientations = UIInterfaceOrientationPortrait;
				INFOPLIST_KEY_UISupportedInterfaceOrientations_iPad = "UIInterfaceOrientationPortrait UIInterfaceOrientationPortraitUpsideDown";
				LD_RUNPATH_SEARCH_PATHS = (
					"$(inherited)",
					"@executable_path/Frameworks",
				);
				MARKETING_VERSION = 1.0;
				PRODUCT_BUNDLE_IDENTIFIER = "com.finlaycm.Habit-Tracker";
				PRODUCT_NAME = "$(TARGET_NAME)";
				SUPPORTED_PLATFORMS = "iphoneos iphonesimulator";
				SUPPORTS_MACCATALYST = NO;
				SWIFT_EMIT_LOC_STRINGS = YES;
				SWIFT_VERSION = 5.0;
				TARGETED_DEVICE_FAMILY = 1;
			};
			name = Debug;
		};
		85D8F7F02A868857007EDFE1 /* Release */ = {
			isa = XCBuildConfiguration;
			buildSettings = {
				ASSETCATALOG_COMPILER_APPICON_NAME = AppIcon;
				ASSETCATALOG_COMPILER_GLOBAL_ACCENT_COLOR_NAME = AccentColor;
				CODE_SIGN_STYLE = Automatic;
				CURRENT_PROJECT_VERSION = 1;
				DEVELOPMENT_ASSET_PATHS = "\"Habit Tracker/Preview Content\"";
				DEVELOPMENT_TEAM = 7RJ76H824H;
				ENABLE_PREVIEWS = YES;
				GENERATE_INFOPLIST_FILE = YES;
				INFOPLIST_FILE = "Habit-Tracker-Info.plist";
				INFOPLIST_KEY_CFBundleDisplayName = Habitrack;
				INFOPLIST_KEY_LSApplicationCategoryType = "public.app-category.productivity";
				INFOPLIST_KEY_UIApplicationSceneManifest_Generation = YES;
				INFOPLIST_KEY_UIApplicationSupportsIndirectInputEvents = YES;
				INFOPLIST_KEY_UILaunchScreen_Generation = YES;
				INFOPLIST_KEY_UISupportedInterfaceOrientations = UIInterfaceOrientationPortrait;
				INFOPLIST_KEY_UISupportedInterfaceOrientations_iPad = "UIInterfaceOrientationPortrait UIInterfaceOrientationPortraitUpsideDown";
				LD_RUNPATH_SEARCH_PATHS = (
					"$(inherited)",
					"@executable_path/Frameworks",
				);
				MARKETING_VERSION = 1.0;
				PRODUCT_BUNDLE_IDENTIFIER = "com.finlaycm.Habit-Tracker";
				PRODUCT_NAME = "$(TARGET_NAME)";
				SUPPORTED_PLATFORMS = "iphoneos iphonesimulator";
				SUPPORTS_MACCATALYST = NO;
				SWIFT_EMIT_LOC_STRINGS = YES;
				SWIFT_VERSION = 5.0;
				TARGETED_DEVICE_FAMILY = 1;
			};
			name = Release;
		};
		85D8F7F22A868857007EDFE1 /* Debug */ = {
			isa = XCBuildConfiguration;
			buildSettings = {
				ALWAYS_EMBED_SWIFT_STANDARD_LIBRARIES = YES;
				BUNDLE_LOADER = "$(TEST_HOST)";
				CODE_SIGN_STYLE = Automatic;
				CURRENT_PROJECT_VERSION = 1;
				DEVELOPMENT_TEAM = 7RJ76H824H;
				GENERATE_INFOPLIST_FILE = YES;
				IPHONEOS_DEPLOYMENT_TARGET = 16.4;
				MARKETING_VERSION = 1.0;
				PRODUCT_BUNDLE_IDENTIFIER = "com.finlaycm.Habit-TrackerTests";
				PRODUCT_NAME = "$(TARGET_NAME)";
				SWIFT_EMIT_LOC_STRINGS = NO;
				SWIFT_VERSION = 5.0;
				TARGETED_DEVICE_FAMILY = "1,2";
				TEST_HOST = "$(BUILT_PRODUCTS_DIR)/Habit Tracker.app/$(BUNDLE_EXECUTABLE_FOLDER_PATH)/Habit Tracker";
			};
			name = Debug;
		};
		85D8F7F32A868857007EDFE1 /* Release */ = {
			isa = XCBuildConfiguration;
			buildSettings = {
				ALWAYS_EMBED_SWIFT_STANDARD_LIBRARIES = YES;
				BUNDLE_LOADER = "$(TEST_HOST)";
				CODE_SIGN_STYLE = Automatic;
				CURRENT_PROJECT_VERSION = 1;
				DEVELOPMENT_TEAM = 7RJ76H824H;
				GENERATE_INFOPLIST_FILE = YES;
				IPHONEOS_DEPLOYMENT_TARGET = 16.4;
				MARKETING_VERSION = 1.0;
				PRODUCT_BUNDLE_IDENTIFIER = "com.finlaycm.Habit-TrackerTests";
				PRODUCT_NAME = "$(TARGET_NAME)";
				SWIFT_EMIT_LOC_STRINGS = NO;
				SWIFT_VERSION = 5.0;
				TARGETED_DEVICE_FAMILY = "1,2";
				TEST_HOST = "$(BUILT_PRODUCTS_DIR)/Habit Tracker.app/$(BUNDLE_EXECUTABLE_FOLDER_PATH)/Habit Tracker";
			};
			name = Release;
		};
		85D8F7F52A868857007EDFE1 /* Debug */ = {
			isa = XCBuildConfiguration;
			buildSettings = {
				ALWAYS_EMBED_SWIFT_STANDARD_LIBRARIES = YES;
				CODE_SIGN_STYLE = Automatic;
				CURRENT_PROJECT_VERSION = 1;
				DEVELOPMENT_TEAM = 7RJ76H824H;
				GENERATE_INFOPLIST_FILE = YES;
				MARKETING_VERSION = 1.0;
				PRODUCT_BUNDLE_IDENTIFIER = "com.finlaycm.Habit-TrackerUITests";
				PRODUCT_NAME = "$(TARGET_NAME)";
				SWIFT_EMIT_LOC_STRINGS = NO;
				SWIFT_VERSION = 5.0;
				TARGETED_DEVICE_FAMILY = "1,2";
				TEST_TARGET_NAME = "Habit Tracker";
			};
			name = Debug;
		};
		85D8F7F62A868857007EDFE1 /* Release */ = {
			isa = XCBuildConfiguration;
			buildSettings = {
				ALWAYS_EMBED_SWIFT_STANDARD_LIBRARIES = YES;
				CODE_SIGN_STYLE = Automatic;
				CURRENT_PROJECT_VERSION = 1;
				DEVELOPMENT_TEAM = 7RJ76H824H;
				GENERATE_INFOPLIST_FILE = YES;
				MARKETING_VERSION = 1.0;
				PRODUCT_BUNDLE_IDENTIFIER = "com.finlaycm.Habit-TrackerUITests";
				PRODUCT_NAME = "$(TARGET_NAME)";
				SWIFT_EMIT_LOC_STRINGS = NO;
				SWIFT_VERSION = 5.0;
				TARGETED_DEVICE_FAMILY = "1,2";
				TEST_TARGET_NAME = "Habit Tracker";
			};
			name = Release;
		};
/* End XCBuildConfiguration section */

/* Begin XCConfigurationList section */
		85D8F7C52A868855007EDFE1 /* Build configuration list for PBXProject "Habit Tracker" */ = {
			isa = XCConfigurationList;
			buildConfigurations = (
				85D8F7EC2A868857007EDFE1 /* Debug */,
				85D8F7ED2A868857007EDFE1 /* Release */,
			);
			defaultConfigurationIsVisible = 0;
			defaultConfigurationName = Release;
		};
		85D8F7EE2A868857007EDFE1 /* Build configuration list for PBXNativeTarget "Habit Tracker" */ = {
			isa = XCConfigurationList;
			buildConfigurations = (
				85D8F7EF2A868857007EDFE1 /* Debug */,
				85D8F7F02A868857007EDFE1 /* Release */,
			);
			defaultConfigurationIsVisible = 0;
			defaultConfigurationName = Release;
		};
		85D8F7F12A868857007EDFE1 /* Build configuration list for PBXNativeTarget "Habit TrackerTests" */ = {
			isa = XCConfigurationList;
			buildConfigurations = (
				85D8F7F22A868857007EDFE1 /* Debug */,
				85D8F7F32A868857007EDFE1 /* Release */,
			);
			defaultConfigurationIsVisible = 0;
			defaultConfigurationName = Release;
		};
		85D8F7F42A868857007EDFE1 /* Build configuration list for PBXNativeTarget "Habit TrackerUITests" */ = {
			isa = XCConfigurationList;
			buildConfigurations = (
				85D8F7F52A868857007EDFE1 /* Debug */,
				85D8F7F62A868857007EDFE1 /* Release */,
			);
			defaultConfigurationIsVisible = 0;
			defaultConfigurationName = Release;
		};
/* End XCConfigurationList section */

/* Begin XCRemoteSwiftPackageReference section */
		85ACEB312A8A862400046AEE /* XCRemoteSwiftPackageReference "MCEmojiPicker" */ = {
			isa = XCRemoteSwiftPackageReference;
			repositoryURL = "https://github.com/izyumkin/MCEmojiPicker";
			requirement = {
				kind = upToNextMajorVersion;
				minimumVersion = 1.2.1;
			};
		};
		85F286802A8D06A200E93758 /* XCRemoteSwiftPackageReference "NiceNotifications" */ = {
			isa = XCRemoteSwiftPackageReference;
			repositoryURL = "https://github.com/dreymonde/NiceNotifications.git";
			requirement = {
				branch = main;
				kind = branch;
			};
		};
		85F286832A8D072400E93758 /* XCRemoteSwiftPackageReference "DateBuilder" */ = {
			isa = XCRemoteSwiftPackageReference;
			repositoryURL = "https://github.com/dreymonde/DateBuilder";
			requirement = {
				kind = upToNextMajorVersion;
				minimumVersion = 0.1.4;
			};
		};
		BF0342952B5DA05400CD03FF /* XCRemoteSwiftPackageReference "chartview" */ = {
			isa = XCRemoteSwiftPackageReference;
			repositoryURL = "https://github.com/apppear/chartview.git";
			requirement = {
				kind = exactVersion;
				version = "2.0.0-beta.8";
			};
		};
		BF0342982B5DA32600CD03FF /* XCRemoteSwiftPackageReference "LightChart" */ = {
			isa = XCRemoteSwiftPackageReference;
			repositoryURL = "https://github.com/pichukov/LightChart.git";
			requirement = {
				kind = upToNextMajorVersion;
				minimumVersion = 1.0.4;
			};
		};
		BF03429B2B5DA48B00CD03FF /* XCRemoteSwiftPackageReference "FLCharts" */ = {
			isa = XCRemoteSwiftPackageReference;
			repositoryURL = "https://github.com/francescoleoni98/FLCharts.git";
			requirement = {
				kind = upToNextMajorVersion;
				minimumVersion = 1.9.1;
			};
		};
		BF1D479A2B51971D001254B8 /* XCRemoteSwiftPackageReference "ScheduledNotificationsViewController" */ = {
			isa = XCRemoteSwiftPackageReference;
			repositoryURL = "http://github.com/nicephoton/ScheduledNotificationsViewController.git";
			requirement = {
				kind = upToNextMajorVersion;
				minimumVersion = 0.0.5;
			};
		};
		BF49E7CC2B3E0AB8003FFB1C /* XCRemoteSwiftPackageReference "openai-kit" */ = {
			isa = XCRemoteSwiftPackageReference;
			repositoryURL = "https://github.com/dylanshine/openai-kit.git";
			requirement = {
				kind = upToNextMajorVersion;
				minimumVersion = 1.8.2;
			};
		};
/* End XCRemoteSwiftPackageReference section */

/* Begin XCSwiftPackageProductDependency section */
		85ACEB322A8A862400046AEE /* MCEmojiPicker */ = {
			isa = XCSwiftPackageProductDependency;
			package = 85ACEB312A8A862400046AEE /* XCRemoteSwiftPackageReference "MCEmojiPicker" */;
			productName = MCEmojiPicker;
		};
		85F286812A8D06A200E93758 /* NiceNotifications */ = {
			isa = XCSwiftPackageProductDependency;
			package = 85F286802A8D06A200E93758 /* XCRemoteSwiftPackageReference "NiceNotifications" */;
			productName = NiceNotifications;
		};
		85F286842A8D072400E93758 /* DateBuilder */ = {
			isa = XCSwiftPackageProductDependency;
			package = 85F286832A8D072400E93758 /* XCRemoteSwiftPackageReference "DateBuilder" */;
			productName = DateBuilder;
		};
		BF0342962B5DA05400CD03FF /* SwiftUICharts */ = {
			isa = XCSwiftPackageProductDependency;
			package = BF0342952B5DA05400CD03FF /* XCRemoteSwiftPackageReference "chartview" */;
			productName = SwiftUICharts;
		};
		BF0342992B5DA32600CD03FF /* LightChart */ = {
			isa = XCSwiftPackageProductDependency;
			package = BF0342982B5DA32600CD03FF /* XCRemoteSwiftPackageReference "LightChart" */;
			productName = LightChart;
		};
		BF03429C2B5DA48C00CD03FF /* FLCharts */ = {
			isa = XCSwiftPackageProductDependency;
			package = BF03429B2B5DA48B00CD03FF /* XCRemoteSwiftPackageReference "FLCharts" */;
			productName = FLCharts;
		};
		BF1D479B2B51971D001254B8 /* ScheduledNotificationsViewController */ = {
			isa = XCSwiftPackageProductDependency;
			package = BF1D479A2B51971D001254B8 /* XCRemoteSwiftPackageReference "ScheduledNotificationsViewController" */;
			productName = ScheduledNotificationsViewController;
		};
		BF49E7CD2B3E0AB8003FFB1C /* OpenAIKit */ = {
			isa = XCSwiftPackageProductDependency;
			package = BF49E7CC2B3E0AB8003FFB1C /* XCRemoteSwiftPackageReference "openai-kit" */;
			productName = OpenAIKit;
		};
/* End XCSwiftPackageProductDependency section */
	};
	rootObject = 85D8F7C22A868855007EDFE1 /* Project object */;
}
